
Microsoft Visual Studio Solution File, Format Version 12.00
# Visual Studio 15
VisualStudioVersion = 15.0.27130.2027
MinimumVisualStudioVersion = 10.0.40219.1
Project("{FAE04EC0-301F-11D3-BF4B-00C04F79EFBC}") = "prog-lab9-zad1", "prog-lab9-zad1\prog-lab9-zad1.csproj", "{B2CD8C17-934D-4155-8D74-73D713CA3654}"
EndProject
Global
	GlobalSection(SolutionConfigurationPlatforms) = preSolution
		Debug|Any CPU = Debug|Any CPU
		Release|Any CPU = Release|Any CPU
	EndGlobalSection
	GlobalSection(ProjectConfigurationPlatforms) = postSolution
		{B2CD8C17-934D-4155-8D74-73D713CA3654}.Debug|Any CPU.ActiveCfg = Debug|Any CPU
		{B2CD8C17-934D-4155-8D74-73D713CA3654}.Debug|Any CPU.Build.0 = Debug|Any CPU
		{B2CD8C17-934D-4155-8D74-73D713CA3654}.Release|Any CPU.ActiveCfg = Release|Any CPU
		{B2CD8C17-934D-4155-8D74-73D713CA3654}.Release|Any CPU.Build.0 = Release|Any CPU
	EndGlobalSection
	GlobalSection(SolutionProperties) = preSolution
		HideSolutionNode = FALSE
	EndGlobalSection
	GlobalSection(ExtensibilityGlobals) = postSolution
		SolutionGuid = {8EAFADC6-ADDF-4A3C-B033-21133F08E04E}
	EndGlobalSection
EndGlobal
